{
    "hash": "96f48279174f11095925af68ee355c4b",
    "packages": [
        {
            "name": "constructions-incongrues/ananas-build-toolkit",
            "version": "dev-master",
            "source": {
                "type": "git",
                "url": "https://github.com/constructions-incongrues/ananas-build-toolkit.git",
                "reference": "0.4.0"
            },
            "dist": {
                "type": "zip",
                "url": "https://github.com/constructions-incongrues/ananas-build-toolkit/zipball/0.4.0",
                "reference": "0.4.0",
                "shasum": ""
            },
            "time": "2013-01-25 15:41:12",
            "type": "library",
            "description": "L'Ananas Build Toolkit est un framework de configuration et de déploiement de projet logiciel.",
            "homepage": "http://constructions-incongrues.github.com/ananas-build-toolkit/",
            "support": {
                "issues": "https://github.com/constructions-incongrues/ananas-build-toolkit/issues",
                "source": "https://github.com/constructions-incongrues/ananas-build-toolkit"
            }
        }
    ],
    "packages-dev": null,
    "aliases": [

    ],
    "minimum-stability": "stable",
    "stability-flags": {
        "constructions-incongrues/ananas-build-toolkit": 20
    }
}
